// !$*UTF8*$!
{
	archiveVersion = 1;
	classes = {
	};
	objectVersion = 56;
	objects = {

/* Begin PBXBuildFile section */
		07FEDF0E2AD59B7C001173A3 /* CopyFolderApp.swift in Sources */ = {isa = PBXBuildFile; fileRef = 07FEDF0D2AD59B7C001173A3 /* CopyFolderApp.swift */; };
		07FEDF102AD59B7C001173A3 /* ContentView.swift in Sources */ = {isa = PBXBuildFile; fileRef = 07FEDF0F2AD59B7C001173A3 /* ContentView.swift */; };
		07FEDF122AD59B7E001173A3 /* Assets.xcassets in Resources */ = {isa = PBXBuildFile; fileRef = 07FEDF112AD59B7E001173A3 /* Assets.xcassets */; };
		07FEDF152AD59B7E001173A3 /* Preview Assets.xcassets in Resources */ = {isa = PBXBuildFile; fileRef = 07FEDF142AD59B7E001173A3 /* Preview Assets.xcassets */; };
		07FEDF1D2AD59C8C001173A3 /* Extentions.swift in Sources */ = {isa = PBXBuildFile; fileRef = 07FEDF1C2AD59C8C001173A3 /* Extentions.swift */; };
		07FEDF1F2AD59FD6001173A3 /* OutputResults.swift in Sources */ = {isa = PBXBuildFile; fileRef = 07FEDF1E2AD59FD6001173A3 /* OutputResults.swift */; };
/* End PBXBuildFile section */

/* Begin PBXFileReference section */
		07FEDF0A2AD59B7C001173A3 /* CopyFolder.app */ = {isa = PBXFileReference; explicitFileType = wrapper.application; includeInIndex = 0; path = CopyFolder.app; sourceTree = BUILT_PRODUCTS_DIR; };
		07FEDF0D2AD59B7C001173A3 /* CopyFolderApp.swift */ = {isa = PBXFileReference; lastKnownFileType = sourcecode.swift; path = CopyFolderApp.swift; sourceTree = "<group>"; };
		07FEDF0F2AD59B7C001173A3 /* ContentView.swift */ = {isa = PBXFileReference; lastKnownFileType = sourcecode.swift; path = ContentView.swift; sourceTree = "<group>"; };
		07FEDF112AD59B7E001173A3 /* Assets.xcassets */ = {isa = PBXFileReference; lastKnownFileType = folder.assetcatalog; path = Assets.xcassets; sourceTree = "<group>"; };
		07FEDF142AD59B7E001173A3 /* Preview Assets.xcassets */ = {isa = PBXFileReference; lastKnownFileType = folder.assetcatalog; path = "Preview Assets.xcassets"; sourceTree = "<group>"; };
		07FEDF162AD59B7E001173A3 /* CopyFolder.entitlements */ = {isa = PBXFileReference; lastKnownFileType = text.plist.entitlements; path = CopyFolder.entitlements; sourceTree = "<group>"; };
		07FEDF1C2AD59C8C001173A3 /* Extentions.swift */ = {isa = PBXFileReference; lastKnownFileType = sourcecode.swift; path = Extentions.swift; sourceTree = "<group>"; };
		07FEDF1E2AD59FD6001173A3 /* OutputResults.swift */ = {isa = PBXFileReference; fileEncoding = 4; lastKnownFileType = sourcecode.swift; path = OutputResults.swift; sourceTree = "<group>"; };
/* End PBXFileReference section */

/* Begin PBXFrameworksBuildPhase section */
		07FEDF072AD59B7C001173A3 /* Frameworks */ = {
			isa = PBXFrameworksBuildPhase;
			buildActionMask = 2147483647;
			files = (
			);
			runOnlyForDeploymentPostprocessing = 0;
		};
/* End PBXFrameworksBuildPhase section */

/* Begin PBXGroup section */
		07FEDF012AD59B7C001173A3 = {
			isa = PBXGroup;
			children = (
				07FEDF0C2AD59B7C001173A3 /* CopyFolder */,
				07FEDF0B2AD59B7C001173A3 /* Products */,
			);
			sourceTree = "<group>";
		};
		07FEDF0B2AD59B7C001173A3 /* Products */ = {
			isa = PBXGroup;
			children = (
				07FEDF0A2AD59B7C001173A3 /* CopyFolder.app */,
			);
			name = Products;
			sourceTree = "<group>";
		};
		07FEDF0C2AD59B7C001173A3 /* CopyFolder */ = {
			isa = PBXGroup;
			children = (
				07FEDF0D2AD59B7C001173A3 /* CopyFolderApp.swift */,
				07FEDF1E2AD59FD6001173A3 /* OutputResults.swift */,
				07FEDF0F2AD59B7C001173A3 /* ContentView.swift */,
				07FEDF1C2AD59C8C001173A3 /* Extentions.swift */,
				07FEDF112AD59B7E001173A3 /* Assets.xcassets */,
				07FEDF162AD59B7E001173A3 /* CopyFolder.entitlements */,
				07FEDF132AD59B7E001173A3 /* Preview Content */,
			);
			path = CopyFolder;
			sourceTree = "<group>";
		};
		07FEDF132AD59B7E001173A3 /* Preview Content */ = {
			isa = PBXGroup;
			children = (
				07FEDF142AD59B7E001173A3 /* Preview Assets.xcassets */,
			);
			path = "Preview Content";
			sourceTree = "<group>";
		};
/* End PBXGroup section */

/* Begin PBXNativeTarget section */
		07FEDF092AD59B7C001173A3 /* CopyFolder */ = {
			isa = PBXNativeTarget;
			buildConfigurationList = 07FEDF192AD59B7E001173A3 /* Build configuration list for PBXNativeTarget "CopyFolder" */;
			buildPhases = (
				07FEDF062AD59B7C001173A3 /* Sources */,
				07FEDF072AD59B7C001173A3 /* Frameworks */,
				07FEDF082AD59B7C001173A3 /* Resources */,
			);
			buildRules = (
			);
			dependencies = (
			);
			name = CopyFolder;
			productName = CopyFolder;
			productReference = 07FEDF0A2AD59B7C001173A3 /* CopyFolder.app */;
			productType = "com.apple.product-type.application";
		};
/* End PBXNativeTarget section */

/* Begin PBXProject section */
		07FEDF022AD59B7C001173A3 /* Project object */ = {
			isa = PBXProject;
			attributes = {
				BuildIndependentTargetsInParallel = 1;
				LastSwiftUpdateCheck = 1500;
				LastUpgradeCheck = 1500;
				TargetAttributes = {
					07FEDF092AD59B7C001173A3 = {
						CreatedOnToolsVersion = 15.0;
					};
				};
			};
			buildConfigurationList = 07FEDF052AD59B7C001173A3 /* Build configuration list for PBXProject "CopyFolder" */;
			compatibilityVersion = "Xcode 14.0";
			developmentRegion = en;
			hasScannedForEncodings = 0;
			knownRegions = (
				en,
				Base,
			);
			mainGroup = 07FEDF012AD59B7C001173A3;
			productRefGroup = 07FEDF0B2AD59B7C001173A3 /* Products */;
			projectDirPath = "";
			projectRoot = "";
			targets = (
				07FEDF092AD59B7C001173A3 /* CopyFolder */,
			);
		};
/* End PBXProject section */

/* Begin PBXResourcesBuildPhase section */
		07FEDF082AD59B7C001173A3 /* Resources */ = {
			isa = PBXResourcesBuildPhase;
			buildActionMask = 2147483647;
			files = (
				07FEDF152AD59B7E001173A3 /* Preview Assets.xcassets in Resources */,
				07FEDF122AD59B7E001173A3 /* Assets.xcassets in Resources */,
			);
			runOnlyForDeploymentPostprocessing = 0;
		};
/* End PBXResourcesBuildPhase section */

/* Begin PBXSourcesBuildPhase section */
		07FEDF062AD59B7C001173A3 /* Sources */ = {
			isa = PBXSourcesBuildPhase;
			buildActionMask = 2147483647;
			files = (
				07FEDF102AD59B7C001173A3 /* ContentView.swift in Sources */,
				07FEDF1F2AD59FD6001173A3 /* OutputResults.swift in Sources */,
				07FEDF0E2AD59B7C001173A3 /* CopyFolderApp.swift in Sources */,
				07FEDF1D2AD59C8C001173A3 /* Extentions.swift in Sources */,
			);
			runOnlyForDeploymentPostprocessing = 0;
		};
/* End PBXSourcesBuildPhase section */

/* Begin XCBuildConfiguration section */
		07FEDF172AD59B7E001173A3 /* Debug */ = {
			isa = XCBuildConfiguration;
			buildSettings = {
				ALWAYS_SEARCH_USER_PATHS = NO;
				ASSETCATALOG_COMPILER_GENERATE_SWIFT_ASSET_SYMBOL_EXTENSIONS = YES;
				CLANG_ANALYZER_NONNULL = YES;
				CLANG_ANALYZER_NUMBER_OBJECT_CONVERSION = YES_AGGRESSIVE;
				CLANG_CXX_LANGUAGE_STANDARD = "gnu++20";
				CLANG_ENABLE_MODULES = YES;
				CLANG_ENABLE_OBJC_ARC = YES;
				CLANG_ENABLE_OBJC_WEAK = YES;
				CLANG_WARN_BLOCK_CAPTURE_AUTORELEASING = YES;
				CLANG_WARN_BOOL_CONVERSION = YES;
				CLANG_WARN_COMMA = YES;
				CLANG_WARN_CONSTANT_CONVERSION = YES;
				CLANG_WARN_DEPRECATED_OBJC_IMPLEMENTATIONS = YES;
				CLANG_WARN_DIRECT_OBJC_ISA_USAGE = YES_ERROR;
				CLANG_WARN_DOCUMENTATION_COMMENTS = YES;
				CLANG_WARN_EMPTY_BODY = YES;
				CLANG_WARN_ENUM_CONVERSION = YES;
				CLANG_WARN_INFINITE_RECURSION = YES;
				CLANG_WARN_INT_CONVERSION = YES;
				CLANG_WARN_NON_LITERAL_NULL_CONVERSION = YES;
				CLANG_WARN_OBJC_IMPLICIT_RETAIN_SELF = YES;
				CLANG_WARN_OBJC_LITERAL_CONVERSION = YES;
				CLANG_WARN_OBJC_ROOT_CLASS = YES_ERROR;
				CLANG_WARN_QUOTED_INCLUDE_IN_FRAMEWORK_HEADER = YES;
				CLANG_WARN_RANGE_LOOP_ANALYSIS = YES;
				CLANG_WARN_STRICT_PROTOTYPES = YES;
				CLANG_WARN_SUSPICIOUS_MOVE = YES;
				CLANG_WARN_UNGUARDED_AVAILABILITY = YES_AGGRESSIVE;
				CLANG_WARN_UNREACHABLE_CODE = YES;
				CLANG_WARN__DUPLICATE_METHOD_MATCH = YES;
				COPY_PHASE_STRIP = NO;
				DEBUG_INFORMATION_FORMAT = dwarf;
				ENABLE_STRICT_OBJC_MSGSEND = YES;
				ENABLE_TESTABILITY = YES;
				ENABLE_USER_SCRIPT_SANDBOXING = YES;
				GCC_C_LANGUAGE_STANDARD = gnu17;
				GCC_DYNAMIC_NO_PIC = NO;
				GCC_NO_COMMON_BLOCKS = YES;
				GCC_OPTIMIZATION_LEVEL = 0;
				GCC_PREPROCESSOR_DEFINITIONS = (
					"DEBUG=1",
					"$(inherited)",
				);
				GCC_WARN_64_TO_32_BIT_CONVERSION = YES;
				GCC_WARN_ABOUT_RETURN_TYPE = YES_ERROR;
				GCC_WARN_UNDECLARED_SELECTOR = YES;
				GCC_WARN_UNINITIALIZED_AUTOS = YES_AGGRESSIVE;
				GCC_WARN_UNUSED_FUNCTION = YES;
				GCC_WARN_UNUSED_VARIABLE = YES;
				LOCALIZATION_PREFERS_STRING_CATALOGS = YES;
				MACOSX_DEPLOYMENT_TARGET = 13.4;
				MTL_ENABLE_DEBUG_INFO = INCLUDE_SOURCE;
				MTL_FAST_MATH = YES;
				ONLY_ACTIVE_ARCH = YES;
				SDKROOT = macosx;
				SWIFT_ACTIVE_COMPILATION_CONDITIONS = "DEBUG $(inherited)";
				SWIFT_OPTIMIZATION_LEVEL = "-Onone";
			};
			name = Debug;
		};
		07FEDF182AD59B7E001173A3 /* Release */ = {
			isa = XCBuildConfiguration;
			buildSettings = {
				ALWAYS_SEARCH_USER_PATHS = NO;
				ASSETCATALOG_COMPILER_GENERATE_SWIFT_ASSET_SYMBOL_EXTENSIONS = YES;
				CLANG_ANALYZER_NONNULL = YES;
				CLANG_ANALYZER_NUMBER_OBJECT_CONVERSION = YES_AGGRESSIVE;
				CLANG_CXX_LANGUAGE_STANDARD = "gnu++20";
				CLANG_ENABLE_MODULES = YES;
				CLANG_ENABLE_OBJC_ARC = YES;
				CLANG_ENABLE_OBJC_WEAK = YES;
				CLANG_WARN_BLOCK_CAPTURE_AUTORELEASING = YES;
				CLANG_WARN_BOOL_CONVERSION = YES;
				CLANG_WARN_COMMA = YES;
				CLANG_WARN_CONSTANT_CONVERSION = YES;
				CLANG_WARN_DEPRECATED_OBJC_IMPLEMENTATIONS = YES;
				CLANG_WARN_DIRECT_OBJC_ISA_USAGE = YES_ERROR;
				CLANG_WARN_DOCUMENTATION_COMMENTS = YES;
				CLANG_WARN_EMPTY_BODY = YES;
				CLANG_WARN_ENUM_CONVERSION = YES;
				CLANG_WARN_INFINITE_RECURSION = YES;
				CLANG_WARN_INT_CONVERSION = YES;
				CLANG_WARN_NON_LITERAL_NULL_CONVERSION = YES;
				CLANG_WARN_OBJC_IMPLICIT_RETAIN_SELF = YES;
				CLANG_WARN_OBJC_LITERAL_CONVERSION = YES;
				CLANG_WARN_OBJC_ROOT_CLASS = YES_ERROR;
				CLANG_WARN_QUOTED_INCLUDE_IN_FRAMEWORK_HEADER = YES;
				CLANG_WARN_RANGE_LOOP_ANALYSIS = YES;
				CLANG_WARN_STRICT_PROTOTYPES = YES;
				CLANG_WARN_SUSPICIOUS_MOVE = YES;
				CLANG_WARN_UNGUARDED_AVAILABILITY = YES_AGGRESSIVE;
				CLANG_WARN_UNREACHABLE_CODE = YES;
				CLANG_WARN__DUPLICATE_METHOD_MATCH = YES;
				COPY_PHASE_STRIP = NO;
				DEBUG_INFORMATION_FORMAT = "dwarf-with-dsym";
				ENABLE_NS_ASSERTIONS = NO;
				ENABLE_STRICT_OBJC_MSGSEND = YES;
				ENABLE_USER_SCRIPT_SANDBOXING = YES;
				GCC_C_LANGUAGE_STANDARD = gnu17;
				GCC_NO_COMMON_BLOCKS = YES;
				GCC_WARN_64_TO_32_BIT_CONVERSION = YES;
				GCC_WARN_ABOUT_RETURN_TYPE = YES_ERROR;
				GCC_WARN_UNDECLARED_SELECTOR = YES;
				GCC_WARN_UNINITIALIZED_AUTOS = YES_AGGRESSIVE;
				GCC_WARN_UNUSED_FUNCTION = YES;
				GCC_WARN_UNUSED_VARIABLE = YES;
				LOCALIZATION_PREFERS_STRING_CATALOGS = YES;
				MACOSX_DEPLOYMENT_TARGET = 13.4;
				MTL_ENABLE_DEBUG_INFO = NO;
				MTL_FAST_MATH = YES;
				SDKROOT = macosx;
				SWIFT_COMPILATION_MODE = wholemodule;
			};
			name = Release;
		};
		07FEDF1A2AD59B7E001173A3 /* Debug */ = {
			isa = XCBuildConfiguration;
			buildSettings = {
				ASSETCATALOG_COMPILER_APPICON_NAME = AppIcon;
				ASSETCATALOG_COMPILER_GLOBAL_ACCENT_COLOR_NAME = AccentColor;
				CODE_SIGN_ENTITLEMENTS = CopyFolder/CopyFolder.entitlements;
				CODE_SIGN_STYLE = Automatic;
				COMBINE_HIDPI_IMAGES = YES;
				CURRENT_PROJECT_VERSION = 3;
				DEVELOPMENT_ASSET_PATHS = "\"CopyFolder/Preview Content\"";
				DEVELOPMENT_TEAM = R335X53H7K;
				ENABLE_HARDENED_RUNTIME = YES;
				ENABLE_PREVIEWS = YES;
				GENERATE_INFOPLIST_FILE = YES;
				INFOPLIST_KEY_NSHumanReadableCopyright = "";
				LD_RUNPATH_SEARCH_PATHS = (
					"$(inherited)",
					"@executable_path/../Frameworks",
				);
				MACOSX_DEPLOYMENT_TARGET = 13.4;
				MARKETING_VERSION = 1.0;
				PRODUCT_BUNDLE_IDENTIFIER = com.sneakypockets.CopyFolder;
				PRODUCT_NAME = "$(TARGET_NAME)";
				SWIFT_EMIT_LOC_STRINGS = YES;
				SWIFT_VERSION = 5.0;
			};
			name = Debug;
		};
		07FEDF1B2AD59B7E001173A3 /* Release */ = {
			isa = XCBuildConfiguration;
			buildSettings = {
				ASSETCATALOG_COMPILER_APPICON_NAME = AppIcon;
				ASSETCATALOG_COMPILER_GLOBAL_ACCENT_COLOR_NAME = AccentColor;
				CODE_SIGN_ENTITLEMENTS = CopyFolder/CopyFolder.entitlements;
				CODE_SIGN_STYLE = Automatic;
				COMBINE_HIDPI_IMAGES = YES;
				CURRENT_PROJECT_VERSION = 3;
				DEVELOPMENT_ASSET_PATHS = "\"CopyFolder/Preview Content\"";
				DEVELOPMENT_TEAM = R335X53H7K;
				ENABLE_HARDENED_RUNTIME = YES;
				ENABLE_PREVIEWS = YES;
				GENERATE_INFOPLIST_FILE = YES;
				INFOPLIST_KEY_NSHumanReadableCopyright = "";
				LD_RUNPATH_SEARCH_PATHS = (
					"$(inherited)",
					"@executable_path/../Frameworks",
				);
				MACOSX_DEPLOYMENT_TARGET = 13.4;
				MARKETING_VERSION = 1.0;
				PRODUCT_BUNDLE_IDENTIFIER = com.sneakypockets.CopyFolder;
				PRODUCT_NAME = "$(TARGET_NAME)";
				SWIFT_EMIT_LOC_STRINGS = YES;
				SWIFT_VERSION = 5.0;
			};
			name = Release;
		};
/* End XCBuildConfiguration section */

/* Begin XCConfigurationList section */
		07FEDF052AD59B7C001173A3 /* Build configuration list for PBXProject "CopyFolder" */ = {
			isa = XCConfigurationList;
			buildConfigurations = (
				07FEDF172AD59B7E001173A3 /* Debug */,
				07FEDF182AD59B7E001173A3 /* Release */,
			);
			defaultConfigurationIsVisible = 0;
			defaultConfigurationName = Release;
		};
		07FEDF192AD59B7E001173A3 /* Build configuration list for PBXNativeTarget "CopyFolder" */ = {
			isa = XCConfigurationList;
			buildConfigurations = (
				07FEDF1A2AD59B7E001173A3 /* Debug */,
				07FEDF1B2AD59B7E001173A3 /* Release */,
			);
			defaultConfigurationIsVisible = 0;
			defaultConfigurationName = Release;
		};
/* End XCConfigurationList section */
	};
	rootObject = 07FEDF022AD59B7C001173A3 /* Project object */;
}
